
Microsoft Visual Studio Solution File, Format Version 12.00
# Visual Studio Version 16
VisualStudioVersion = 16.0.30611.23
MinimumVisualStudioVersion = 10.0.40219.1
Project("{9A19103F-16F7-4668-BE54-9A1E7A4F7556}") = "SampleApp.API", "SampleApp\SampleApp.API.csproj", "{96F585AC-9E47-41C5-9EB1-93AA82FA4493}"
EndProject
Project("{9A19103F-16F7-4668-BE54-9A1E7A4F7556}") = "Sample.Common", "Sample.Common\Sample.Common.csproj", "{9CBB758B-4955-404E-AB00-7527CF8ABD50}"
EndProject
Project("{9A19103F-16F7-4668-BE54-9A1E7A4F7556}") = "Sample.Service", "Sample.Service\Sample.Service.csproj", "{19D12F95-A044-4020-8D0F-62B104951EB3}"
EndProject
Project("{9A19103F-16F7-4668-BE54-9A1E7A4F7556}") = "Sample.DAL", "Sample.DAL\Sample.DAL.csproj", "{1B5870AA-04F8-4021-9AD0-2A57DC92AE6D}"
EndProject
Project("{FAE04EC0-301F-11D3-BF4B-00C04F79EFBC}") = "App.Tests", "App.Tests\App.Tests.csproj", "{13583733-0F81-47C1-A400-8FF7F0A1C197}"
EndProject
Global
	GlobalSection(SolutionConfigurationPlatforms) = preSolution
		Debug|Any CPU = Debug|Any CPU
		Release|Any CPU = Release|Any CPU
	EndGlobalSection
	GlobalSection(ProjectConfigurationPlatforms) = postSolution
		{96F585AC-9E47-41C5-9EB1-93AA82FA4493}.Debug|Any CPU.ActiveCfg = Debug|Any CPU
		{96F585AC-9E47-41C5-9EB1-93AA82FA4493}.Debug|Any CPU.Build.0 = Debug|Any CPU
		{96F585AC-9E47-41C5-9EB1-93AA82FA4493}.Release|Any CPU.ActiveCfg = Release|Any CPU
		{96F585AC-9E47-41C5-9EB1-93AA82FA4493}.Release|Any CPU.Build.0 = Release|Any CPU
		{9CBB758B-4955-404E-AB00-7527CF8ABD50}.Debug|Any CPU.ActiveCfg = Debug|Any CPU
		{9CBB758B-4955-404E-AB00-7527CF8ABD50}.Debug|Any CPU.Build.0 = Debug|Any CPU
		{9CBB758B-4955-404E-AB00-7527CF8ABD50}.Release|Any CPU.ActiveCfg = Release|Any CPU
		{9CBB758B-4955-404E-AB00-7527CF8ABD50}.Release|Any CPU.Build.0 = Release|Any CPU
		{19D12F95-A044-4020-8D0F-62B104951EB3}.Debug|Any CPU.ActiveCfg = Debug|Any CPU
		{19D12F95-A044-4020-8D0F-62B104951EB3}.Debug|Any CPU.Build.0 = Debug|Any CPU
		{19D12F95-A044-4020-8D0F-62B104951EB3}.Release|Any CPU.ActiveCfg = Release|Any CPU
		{19D12F95-A044-4020-8D0F-62B104951EB3}.Release|Any CPU.Build.0 = Release|Any CPU
		{1B5870AA-04F8-4021-9AD0-2A57DC92AE6D}.Debug|Any CPU.ActiveCfg = Debug|Any CPU
		{1B5870AA-04F8-4021-9AD0-2A57DC92AE6D}.Debug|Any CPU.Build.0 = Debug|Any CPU
		{1B5870AA-04F8-4021-9AD0-2A57DC92AE6D}.Release|Any CPU.ActiveCfg = Release|Any CPU
		{1B5870AA-04F8-4021-9AD0-2A57DC92AE6D}.Release|Any CPU.Build.0 = Release|Any CPU
		{13583733-0F81-47C1-A400-8FF7F0A1C197}.Debug|Any CPU.ActiveCfg = Debug|Any CPU
		{13583733-0F81-47C1-A400-8FF7F0A1C197}.Debug|Any CPU.Build.0 = Debug|Any CPU
		{13583733-0F81-47C1-A400-8FF7F0A1C197}.Release|Any CPU.ActiveCfg = Release|Any CPU
		{13583733-0F81-47C1-A400-8FF7F0A1C197}.Release|Any CPU.Build.0 = Release|Any CPU
	EndGlobalSection
	GlobalSection(SolutionProperties) = preSolution
		HideSolutionNode = FALSE
	EndGlobalSection
	GlobalSection(ExtensibilityGlobals) = postSolution
		SolutionGuid = {3E9E30D6-A59C-48D5-93EB-22F661612496}
	EndGlobalSection
EndGlobal
